{
  "name": "pambda-json-api",
  "version": "0.0.2",
  "lockfileVersion": 1,
  "dependencies": {
    "caseless-get": {
      "version": "0.0.1",
      "resolved": "https://registry.npmjs.org/caseless-get/-/caseless-get-0.0.1.tgz",
      "integrity": "sha512-Lsrtvdt5nnQj3L5W5TOJntZyzCTvPKgbImrildLntStfvsMEQu4fCNQVfSI8CwZTjTlEgGPKWDZMAHKgUZpHmQ=="
    },
    "content-type": {
      "version": "1.0.2",
      "resolved": "https://registry.npmjs.org/content-type/-/content-type-1.0.2.tgz",
      "integrity": "sha1-t9ETrueo3Se9IRM8TcJSnfFyHu0="
    },
    "err-json": {
      "version": "0.0.1",
      "resolved": "https://registry.npmjs.org/err-json/-/err-json-0.0.1.tgz",
      "integrity": "sha512-Tu5W5N/8LA3lkUcHN97OwXAdfgCLTEFUgW+ETK/+NuJaO/OmYieWb3yzJI1VGvtvnqj7YqTo8FrVQoEKSDMLXQ=="
    }
  }
}
