{
  "name": "pambda-json-api",
  "version": "0.0.2",
  "lockfileVersion": 1,
  "dependencies": {
    "caseless-get": {
      "version": "0.0.1",
      "resolved": "https://registry.npmjs.org/caseless-get/-/caseless-get-0.0.1.tgz",
      "integrity": "sha512-Lsrtvdt5nnQj3L5W5TOJntZyzCTvPKgbImrildLntStfvsMEQu4fCNQVfSI8CwZTjTlEgGPKWDZMAHKgUZpHmQ=="
    },
    "content-type": {
      "version": "1.0.2",
      "resolved": "https://registry.npmjs.org/content-type/-/content-type-1.0.2.tgz",
      "integrity": "sha1-t9ETrueo3Se9IRM8TcJSnfFyHu0="
    },
    "err-json": {
      "version": "0.0.3",
      "resolved": "https://registry.npmjs.org/err-json/-/err-json-0.0.3.tgz",
      "integrity": "sha512-gjUXzT3KIs5fYj4DFcUyb5uMQ4I57HBvw/d8hCM5huO2USIeqsh8zLw8EH+3Dgda95KrRPycvcGUh3dEqC2ojQ=="
    },
    "lambda-console": {
      "version": "0.0.1",
      "resolved": "https://registry.npmjs.org/lambda-console/-/lambda-console-0.0.1.tgz",
      "integrity": "sha512-K2cT/HNO36G6tO6PR5qrDz0PtpXAECPUParvsd2QA3pQrSeXp9P0ETYVc26cJ2XJZz+ES1PolxN8VSnmosnV5Q=="
    }
  }
}
